{
  "name": "@repo/icon-scripts",
  "version": "1.0.0",
  "lockfileVersion": 3,
  "requires": true,
  "packages": {
    "": {
      "name": "@repo/icon-scripts",
      "version": "1.0.0",
      "license": "MIT",
      "dependencies": {
        "@material-symbols/svg-400": "^0.25.0"
      }
    },
    "node_modules/@material-symbols/svg-400": {
      "version": "0.25.2",
      "resolved": "https://registry.npmjs.org/@material-symbols/svg-400/-/svg-400-0.25.2.tgz",
      "integrity": "sha512-FWt+KYzEaiSkBVl3F0yHgGqdsDZ+X6XaY2Gm123sbLMeCwb1FjepQ1LRPC1SD1ABknbISWZBE9giuNlPe6YqSg==",
      "license": "Apache-2.0"
    }
  }
}
