{
  "name": "@repo/icon-scripts",
  "version": "1.0.0",
  "lockfileVersion": 3,
  "requires": true,
  "packages": {
    "": {
      "name": "@repo/icon-scripts",
      "version": "1.0.0",
      "license": "MIT",
      "dependencies": {
        "@material-symbols/svg-400": "^0.25.0"
      }
    },
    "node_modules/@material-symbols/svg-400": {
      "version": "0.25.0",
      "resolved": "https://registry.npmjs.org/@material-symbols/svg-400/-/svg-400-0.25.0.tgz",
      "integrity": "sha512-tJr6rI4r38yWXU81LvTML+AcBjfhdmQjxkf1+wtgDhBT9UZFtU7RDl4cmtgTJrEdW3PijxCFO/6eU4WKJ0RNhw==",
      "license": "Apache-2.0"
    }
  }
}
