{
  "name": "@repo/icon-scripts",
  "version": "1.0.0",
  "lockfileVersion": 3,
  "requires": true,
  "packages": {
    "": {
      "name": "@repo/icon-scripts",
      "version": "1.0.0",
      "license": "MIT",
      "dependencies": {
        "@material-symbols/svg-400": "^0.31.0"
      }
    },
    "node_modules/@material-symbols/svg-400": {
      "version": "0.31.7",
      "resolved": "https://registry.npmjs.org/@material-symbols/svg-400/-/svg-400-0.31.7.tgz",
      "integrity": "sha512-1+GpHYkGftXQjFvRS8UgAO5PkvjBz7zfWBOInh7PwIFLpFILBxd7FbaAhoqUl6PddcgDHHpUpDPluhQQwpyqIw==",
      "license": "Apache-2.0"
    }
  }
}
